
Microsoft Visual Studio Solution File, Format Version 12.00
# Visual Studio 15
VisualStudioVersion = 15.0.26124.0
MinimumVisualStudioVersion = 15.0.26124.0
Project("{2150E333-8FDC-42A3-9474-1A3956D46DE8}") = "src", "src", "{27498AAF-CB69-4DBB-94AD-43A1AB55CE20}"
EndProject
Project("{FAE04EC0-301F-11D3-BF4B-00C04F79EFBC}") = "dotnet-oci", "src\dotnet-oci\dotnet-oci.csproj", "{063DB4B2-72D8-4AD2-A727-27A856083A51}"
EndProject
Project("{2150E333-8FDC-42A3-9474-1A3956D46DE8}") = "samples", "samples", "{079A4719-BD2F-418C-BAEF-E29CAAE13A18}"
EndProject
Project("{FAE04EC0-301F-11D3-BF4B-00C04F79EFBC}") = "ConsoleApp", "samples\ConsoleApp\ConsoleApp.csproj", "{DAA22395-793B-4B5A-81A1-327C3A7FA561}"
EndProject
Global
	GlobalSection(SolutionConfigurationPlatforms) = preSolution
		Debug|Any CPU = Debug|Any CPU
		Debug|x64 = Debug|x64
		Debug|x86 = Debug|x86
		Release|Any CPU = Release|Any CPU
		Release|x64 = Release|x64
		Release|x86 = Release|x86
	EndGlobalSection
	GlobalSection(SolutionProperties) = preSolution
		HideSolutionNode = FALSE
	EndGlobalSection
	GlobalSection(ProjectConfigurationPlatforms) = postSolution
		{063DB4B2-72D8-4AD2-A727-27A856083A51}.Debug|Any CPU.ActiveCfg = Debug|Any CPU
		{063DB4B2-72D8-4AD2-A727-27A856083A51}.Debug|Any CPU.Build.0 = Debug|Any CPU
		{063DB4B2-72D8-4AD2-A727-27A856083A51}.Debug|x64.ActiveCfg = Debug|Any CPU
		{063DB4B2-72D8-4AD2-A727-27A856083A51}.Debug|x64.Build.0 = Debug|Any CPU
		{063DB4B2-72D8-4AD2-A727-27A856083A51}.Debug|x86.ActiveCfg = Debug|Any CPU
		{063DB4B2-72D8-4AD2-A727-27A856083A51}.Debug|x86.Build.0 = Debug|Any CPU
		{063DB4B2-72D8-4AD2-A727-27A856083A51}.Release|Any CPU.ActiveCfg = Release|Any CPU
		{063DB4B2-72D8-4AD2-A727-27A856083A51}.Release|Any CPU.Build.0 = Release|Any CPU
		{063DB4B2-72D8-4AD2-A727-27A856083A51}.Release|x64.ActiveCfg = Release|Any CPU
		{063DB4B2-72D8-4AD2-A727-27A856083A51}.Release|x64.Build.0 = Release|Any CPU
		{063DB4B2-72D8-4AD2-A727-27A856083A51}.Release|x86.ActiveCfg = Release|Any CPU
		{063DB4B2-72D8-4AD2-A727-27A856083A51}.Release|x86.Build.0 = Release|Any CPU
		{DAA22395-793B-4B5A-81A1-327C3A7FA561}.Debug|Any CPU.ActiveCfg = Debug|Any CPU
		{DAA22395-793B-4B5A-81A1-327C3A7FA561}.Debug|Any CPU.Build.0 = Debug|Any CPU
		{DAA22395-793B-4B5A-81A1-327C3A7FA561}.Debug|x64.ActiveCfg = Debug|Any CPU
		{DAA22395-793B-4B5A-81A1-327C3A7FA561}.Debug|x64.Build.0 = Debug|Any CPU
		{DAA22395-793B-4B5A-81A1-327C3A7FA561}.Debug|x86.ActiveCfg = Debug|Any CPU
		{DAA22395-793B-4B5A-81A1-327C3A7FA561}.Debug|x86.Build.0 = Debug|Any CPU
		{DAA22395-793B-4B5A-81A1-327C3A7FA561}.Release|Any CPU.ActiveCfg = Release|Any CPU
		{DAA22395-793B-4B5A-81A1-327C3A7FA561}.Release|Any CPU.Build.0 = Release|Any CPU
		{DAA22395-793B-4B5A-81A1-327C3A7FA561}.Release|x64.ActiveCfg = Release|Any CPU
		{DAA22395-793B-4B5A-81A1-327C3A7FA561}.Release|x64.Build.0 = Release|Any CPU
		{DAA22395-793B-4B5A-81A1-327C3A7FA561}.Release|x86.ActiveCfg = Release|Any CPU
		{DAA22395-793B-4B5A-81A1-327C3A7FA561}.Release|x86.Build.0 = Release|Any CPU
	EndGlobalSection
	GlobalSection(NestedProjects) = preSolution
		{063DB4B2-72D8-4AD2-A727-27A856083A51} = {27498AAF-CB69-4DBB-94AD-43A1AB55CE20}
		{DAA22395-793B-4B5A-81A1-327C3A7FA561} = {079A4719-BD2F-418C-BAEF-E29CAAE13A18}
	EndGlobalSection
EndGlobal
